
Microsoft Visual Studio Solution File, Format Version 12.00
# Visual Studio 15
VisualStudioVersion = 15.0.28307.329
MinimumVisualStudioVersion = 10.0.40219.1
Project("{FAE04EC0-301F-11D3-BF4B-00C04F79EFBC}") = "BusinessIdSpecification", "BusinessIdSpecification\BusinessIdSpecification.csproj", "{C03C3925-12B7-4C9E-AF7B-4904DEDF0158}"
EndProject
Global
	GlobalSection(SolutionConfigurationPlatforms) = preSolution
		Debug|Any CPU = Debug|Any CPU
		Release|Any CPU = Release|Any CPU
	EndGlobalSection
	GlobalSection(ProjectConfigurationPlatforms) = postSolution
		{C03C3925-12B7-4C9E-AF7B-4904DEDF0158}.Debug|Any CPU.ActiveCfg = Debug|Any CPU
		{C03C3925-12B7-4C9E-AF7B-4904DEDF0158}.Debug|Any CPU.Build.0 = Debug|Any CPU
		{C03C3925-12B7-4C9E-AF7B-4904DEDF0158}.Release|Any CPU.ActiveCfg = Release|Any CPU
		{C03C3925-12B7-4C9E-AF7B-4904DEDF0158}.Release|Any CPU.Build.0 = Release|Any CPU
	EndGlobalSection
	GlobalSection(SolutionProperties) = preSolution
		HideSolutionNode = FALSE
	EndGlobalSection
	GlobalSection(ExtensibilityGlobals) = postSolution
		SolutionGuid = {F363DD7F-1049-4FEE-B9D6-9A996317E5D1}
	EndGlobalSection
EndGlobal
